// !$*UTF8*$!
{
	archiveVersion = 1;
	classes = {
	};
	objectVersion = 77;
	objects = {

/* Begin PBXContainerItemProxy section */
		A9EC3F842E79B49A0094B81F /* PBXContainerItemProxy */ = {
			isa = PBXContainerItemProxy;
			containerPortal = A9EC3F6E2E79B4970094B81F /* Project object */;
			proxyType = 1;
			remoteGlobalIDString = A9EC3F752E79B4970094B81F;
			remoteInfo = "Habit Home";
		};
		A9EC3F8E2E79B49A0094B81F /* PBXContainerItemProxy */ = {
			isa = PBXContainerItemProxy;
			containerPortal = A9EC3F6E2E79B4970094B81F /* Project object */;
			proxyType = 1;
			remoteGlobalIDString = A9EC3F752E79B4970094B81F;
			remoteInfo = "Habit Home";
		};
/* End PBXContainerItemProxy section */

/* Begin PBXFileReference section */
		A9EC3F762E79B4970094B81F /* Habit Flow.app */ = {isa = PBXFileReference; explicitFileType = wrapper.application; includeInIndex = 0; path = "Habit Flow.app"; sourceTree = BUILT_PRODUCTS_DIR; };
		A9EC3F832E79B49A0094B81F /* Habit HomeTests.xctest */ = {isa = PBXFileReference; explicitFileType = wrapper.cfbundle; includeInIndex = 0; path = "Habit HomeTests.xctest"; sourceTree = BUILT_PRODUCTS_DIR; };
		A9EC3F8D2E79B49A0094B81F /* Habit HomeUITests.xctest */ = {isa = PBXFileReference; explicitFileType = wrapper.cfbundle; includeInIndex = 0; path = "Habit HomeUITests.xctest"; sourceTree = BUILT_PRODUCTS_DIR; };
/* End PBXFileReference section */

/* Begin PBXFileSystemSynchronizedRootGroup section */
		A9EC3F782E79B4970094B81F /* Habit Home */ = {
			isa = PBXFileSystemSynchronizedRootGroup;
			path = "Habit Home";
			sourceTree = "<group>";
		};
		A9EC3F862E79B49A0094B81F /* Habit HomeTests */ = {
			isa = PBXFileSystemSynchronizedRootGroup;
			path = "Habit HomeTests";
			sourceTree = "<group>";
		};
		A9EC3F902E79B49A0094B81F /* Habit HomeUITests */ = {
			isa = PBXFileSystemSynchronizedRootGroup;
			path = "Habit HomeUITests";
			sourceTree = "<group>";
		};
/* End PBXFileSystemSynchronizedRootGroup section */

/* Begin PBXFrameworksBuildPhase section */
		A9EC3F732E79B4970094B81F /* Frameworks */ = {
			isa = PBXFrameworksBuildPhase;
			buildActionMask = 2147483647;
			files = (
			);
			runOnlyForDeploymentPostprocessing = 0;
		};
		A9EC3F802E79B49A0094B81F /* Frameworks */ = {
			isa = PBXFrameworksBuildPhase;
			buildActionMask = 2147483647;
			files = (
			);
			runOnlyForDeploymentPostprocessing = 0;
		};
		A9EC3F8A2E79B49A0094B81F /* Frameworks */ = {
			isa = PBXFrameworksBuildPhase;
			buildActionMask = 2147483647;
			files = (
			);
			runOnlyForDeploymentPostprocessing = 0;
		};
/* End PBXFrameworksBuildPhase section */

/* Begin PBXGroup section */
		A9EC3F6D2E79B4970094B81F = {
			isa = PBXGroup;
			children = (
				A9EC3F782E79B4970094B81F /* Habit Home */,
				A9EC3F862E79B49A0094B81F /* Habit HomeTests */,
				A9EC3F902E79B49A0094B81F /* Habit HomeUITests */,
				A9EC3F772E79B4970094B81F /* Products */,
			);
			sourceTree = "<group>";
		};
		A9EC3F772E79B4970094B81F /* Products */ = {
			isa = PBXGroup;
			children = (
				A9EC3F762E79B4970094B81F /* Habit Flow.app */,
				A9EC3F832E79B49A0094B81F /* Habit HomeTests.xctest */,
				A9EC3F8D2E79B49A0094B81F /* Habit HomeUITests.xctest */,
			);
			name = Products;
			sourceTree = "<group>";
		};
/* End PBXGroup section */

/* Begin PBXNativeTarget section */
		A9EC3F752E79B4970094B81F /* Habit Flow */ = {
			isa = PBXNativeTarget;
			buildConfigurationList = A9EC3F972E79B49A0094B81F /* Build configuration list for PBXNativeTarget "Habit Flow" */;
			buildPhases = (
				A9EC3F722E79B4970094B81F /* Sources */,
				A9EC3F732E79B4970094B81F /* Frameworks */,
				A9EC3F742E79B4970094B81F /* Resources */,
			);
			buildRules = (
			);
			dependencies = (
			);
			fileSystemSynchronizedGroups = (
				A9EC3F782E79B4970094B81F /* Habit Home */,
			);
			name = "Habit Flow";
			packageProductDependencies = (
			);
			productName = "Habit Home";
			productReference = A9EC3F762E79B4970094B81F /* Habit Flow.app */;
			productType = "com.apple.product-type.application";
		};
		A9EC3F822E79B49A0094B81F /* Habit HomeTests */ = {
			isa = PBXNativeTarget;
			buildConfigurationList = A9EC3F9A2E79B49A0094B81F /* Build configuration list for PBXNativeTarget "Habit HomeTests" */;
			buildPhases = (
				A9EC3F7F2E79B49A0094B81F /* Sources */,
				A9EC3F802E79B49A0094B81F /* Frameworks */,
				A9EC3F812E79B49A0094B81F /* Resources */,
			);
			buildRules = (
			);
			dependencies = (
				A9EC3F852E79B49A0094B81F /* PBXTargetDependency */,
			);
			fileSystemSynchronizedGroups = (
				A9EC3F862E79B49A0094B81F /* Habit HomeTests */,
			);
			name = "Habit HomeTests";
			packageProductDependencies = (
			);
			productName = "Habit HomeTests";
			productReference = A9EC3F832E79B49A0094B81F /* Habit HomeTests.xctest */;
			productType = "com.apple.product-type.bundle.unit-test";
		};
		A9EC3F8C2E79B49A0094B81F /* Habit HomeUITests */ = {
			isa = PBXNativeTarget;
			buildConfigurationList = A9EC3F9D2E79B49A0094B81F /* Build configuration list for PBXNativeTarget "Habit HomeUITests" */;
			buildPhases = (
				A9EC3F892E79B49A0094B81F /* Sources */,
				A9EC3F8A2E79B49A0094B81F /* Frameworks */,
				A9EC3F8B2E79B49A0094B81F /* Resources */,
			);
			buildRules = (
			);
			dependencies = (
				A9EC3F8F2E79B49A0094B81F /* PBXTargetDependency */,
			);
			fileSystemSynchronizedGroups = (
				A9EC3F902E79B49A0094B81F /* Habit HomeUITests */,
			);
			name = "Habit HomeUITests";
			packageProductDependencies = (
			);
			productName = "Habit HomeUITests";
			productReference = A9EC3F8D2E79B49A0094B81F /* Habit HomeUITests.xctest */;
			productType = "com.apple.product-type.bundle.ui-testing";
		};
/* End PBXNativeTarget section */

/* Begin PBXProject section */
		A9EC3F6E2E79B4970094B81F /* Project object */ = {
			isa = PBXProject;
			attributes = {
				BuildIndependentTargetsInParallel = 1;
				LastSwiftUpdateCheck = 1640;
				LastUpgradeCheck = 2600;
				TargetAttributes = {
					A9EC3F752E79B4970094B81F = {
						CreatedOnToolsVersion = 16.4;
					};
					A9EC3F822E79B49A0094B81F = {
						CreatedOnToolsVersion = 16.4;
						TestTargetID = A9EC3F752E79B4970094B81F;
					};
					A9EC3F8C2E79B49A0094B81F = {
						CreatedOnToolsVersion = 16.4;
						TestTargetID = A9EC3F752E79B4970094B81F;
					};
				};
			};
			buildConfigurationList = A9EC3F712E79B4970094B81F /* Build configuration list for PBXProject "Habit Flow" */;
			developmentRegion = en;
			hasScannedForEncodings = 0;
			knownRegions = (
				en,
				Base,
			);
			mainGroup = A9EC3F6D2E79B4970094B81F;
			minimizedProjectReferenceProxies = 1;
			packageReferences = (
			);
			preferredProjectObjectVersion = 77;
			productRefGroup = A9EC3F772E79B4970094B81F /* Products */;
			projectDirPath = "";
			projectRoot = "";
			targets = (
				A9EC3F752E79B4970094B81F /* Habit Flow */,
				A9EC3F822E79B49A0094B81F /* Habit HomeTests */,
				A9EC3F8C2E79B49A0094B81F /* Habit HomeUITests */,
			);
		};
/* End PBXProject section */

/* Begin PBXResourcesBuildPhase section */
		A9EC3F742E79B4970094B81F /* Resources */ = {
			isa = PBXResourcesBuildPhase;
			buildActionMask = 2147483647;
			files = (
			);
			runOnlyForDeploymentPostprocessing = 0;
		};
		A9EC3F812E79B49A0094B81F /* Resources */ = {
			isa = PBXResourcesBuildPhase;
			buildActionMask = 2147483647;
			files = (
			);
			runOnlyForDeploymentPostprocessing = 0;
		};
		A9EC3F8B2E79B49A0094B81F /* Resources */ = {
			isa = PBXResourcesBuildPhase;
			buildActionMask = 2147483647;
			files = (
			);
			runOnlyForDeploymentPostprocessing = 0;
		};
/* End PBXResourcesBuildPhase section */

/* Begin PBXSourcesBuildPhase section */
		A9EC3F722E79B4970094B81F /* Sources */ = {
			isa = PBXSourcesBuildPhase;
			buildActionMask = 2147483647;
			files = (
			);
			runOnlyForDeploymentPostprocessing = 0;
		};
		A9EC3F7F2E79B49A0094B81F /* Sources */ = {
			isa = PBXSourcesBuildPhase;
			buildActionMask = 2147483647;
			files = (
			);
			runOnlyForDeploymentPostprocessing = 0;
		};
		A9EC3F892E79B49A0094B81F /* Sources */ = {
			isa = PBXSourcesBuildPhase;
			buildActionMask = 2147483647;
			files = (
			);
			runOnlyForDeploymentPostprocessing = 0;
		};
/* End PBXSourcesBuildPhase section */

/* Begin PBXTargetDependency section */
		A9EC3F852E79B49A0094B81F /* PBXTargetDependency */ = {
			isa = PBXTargetDependency;
			target = A9EC3F752E79B4970094B81F /* Habit Flow */;
			targetProxy = A9EC3F842E79B49A0094B81F /* PBXContainerItemProxy */;
		};
		A9EC3F8F2E79B49A0094B81F /* PBXTargetDependency */ = {
			isa = PBXTargetDependency;
			target = A9EC3F752E79B4970094B81F /* Habit Flow */;
			targetProxy = A9EC3F8E2E79B49A0094B81F /* PBXContainerItemProxy */;
		};
/* End PBXTargetDependency section */

/* Begin XCBuildConfiguration section */
		A9EC3F952E79B49A0094B81F /* Debug */ = {
			isa = XCBuildConfiguration;
			buildSettings = {
				ALWAYS_SEARCH_USER_PATHS = NO;
				ASSETCATALOG_COMPILER_GENERATE_SWIFT_ASSET_SYMBOL_EXTENSIONS = YES;
				CLANG_ANALYZER_NONNULL = YES;
				CLANG_ANALYZER_NUMBER_OBJECT_CONVERSION = YES_AGGRESSIVE;
				CLANG_CXX_LANGUAGE_STANDARD = "gnu++20";
				CLANG_ENABLE_MODULES = YES;
				CLANG_ENABLE_OBJC_ARC = YES;
				CLANG_ENABLE_OBJC_WEAK = YES;
				CLANG_WARN_BLOCK_CAPTURE_AUTORELEASING = YES;
				CLANG_WARN_BOOL_CONVERSION = YES;
				CLANG_WARN_COMMA = YES;
				CLANG_WARN_CONSTANT_CONVERSION = YES;
				CLANG_WARN_DEPRECATED_OBJC_IMPLEMENTATIONS = YES;
				CLANG_WARN_DIRECT_OBJC_ISA_USAGE = YES_ERROR;
				CLANG_WARN_DOCUMENTATION_COMMENTS = YES;
				CLANG_WARN_EMPTY_BODY = YES;
				CLANG_WARN_ENUM_CONVERSION = YES;
				CLANG_WARN_INFINITE_RECURSION = YES;
				CLANG_WARN_INT_CONVERSION = YES;
				CLANG_WARN_NON_LITERAL_NULL_CONVERSION = YES;
				CLANG_WARN_OBJC_IMPLICIT_RETAIN_SELF = YES;
				CLANG_WARN_OBJC_LITERAL_CONVERSION = YES;
				CLANG_WARN_OBJC_ROOT_CLASS = YES_ERROR;
				CLANG_WARN_QUOTED_INCLUDE_IN_FRAMEWORK_HEADER = YES;
				CLANG_WARN_RANGE_LOOP_ANALYSIS = YES;
				CLANG_WARN_STRICT_PROTOTYPES = YES;
				CLANG_WARN_SUSPICIOUS_MOVE = YES;
				CLANG_WARN_UNGUARDED_AVAILABILITY = YES_AGGRESSIVE;
				CLANG_WARN_UNREACHABLE_CODE = YES;
				CLANG_WARN__DUPLICATE_METHOD_MATCH = YES;
				COPY_PHASE_STRIP = NO;
				DEBUG_INFORMATION_FORMAT = dwarf;
				DEVELOPMENT_TEAM = SU4W2T7DVJ;
				ENABLE_STRICT_OBJC_MSGSEND = YES;
				ENABLE_TESTABILITY = YES;
				ENABLE_USER_SCRIPT_SANDBOXING = YES;
				GCC_C_LANGUAGE_STANDARD = gnu17;
				GCC_DYNAMIC_NO_PIC = NO;
				GCC_NO_COMMON_BLOCKS = YES;
				GCC_OPTIMIZATION_LEVEL = 0;
				GCC_PREPROCESSOR_DEFINITIONS = (
					"DEBUG=1",
					"$(inherited)",
				);
				GCC_WARN_64_TO_32_BIT_CONVERSION = YES;
				GCC_WARN_ABOUT_RETURN_TYPE = YES_ERROR;
				GCC_WARN_UNDECLARED_SELECTOR = YES;
				GCC_WARN_UNINITIALIZED_AUTOS = YES_AGGRESSIVE;
				GCC_WARN_UNUSED_FUNCTION = YES;
				GCC_WARN_UNUSED_VARIABLE = YES;
				IPHONEOS_DEPLOYMENT_TARGET = 18.5;
				LOCALIZATION_PREFERS_STRING_CATALOGS = YES;
				MTL_ENABLE_DEBUG_INFO = INCLUDE_SOURCE;
				MTL_FAST_MATH = YES;
				ONLY_ACTIVE_ARCH = YES;
				SDKROOT = iphoneos;
				STRING_CATALOG_GENERATE_SYMBOLS = YES;
				SWIFT_ACTIVE_COMPILATION_CONDITIONS = "DEBUG $(inherited)";
				SWIFT_OPTIMIZATION_LEVEL = "-Onone";
			};
			name = Debug;
		};
		A9EC3F962E79B49A0094B81F /* Release */ = {
			isa = XCBuildConfiguration;
			buildSettings = {
				ALWAYS_SEARCH_USER_PATHS = NO;
				ASSETCATALOG_COMPILER_GENERATE_SWIFT_ASSET_SYMBOL_EXTENSIONS = YES;
				CLANG_ANALYZER_NONNULL = YES;
				CLANG_ANALYZER_NUMBER_OBJECT_CONVERSION = YES_AGGRESSIVE;
				CLANG_CXX_LANGUAGE_STANDARD = "gnu++20";
				CLANG_ENABLE_MODULES = YES;
				CLANG_ENABLE_OBJC_ARC = YES;
				CLANG_ENABLE_OBJC_WEAK = YES;
				CLANG_WARN_BLOCK_CAPTURE_AUTORELEASING = YES;
				CLANG_WARN_BOOL_CONVERSION = YES;
				CLANG_WARN_COMMA = YES;
				CLANG_WARN_CONSTANT_CONVERSION = YES;
				CLANG_WARN_DEPRECATED_OBJC_IMPLEMENTATIONS = YES;
				CLANG_WARN_DIRECT_OBJC_ISA_USAGE = YES_ERROR;
				CLANG_WARN_DOCUMENTATION_COMMENTS = YES;
				CLANG_WARN_EMPTY_BODY = YES;
				CLANG_WARN_ENUM_CONVERSION = YES;
				CLANG_WARN_INFINITE_RECURSION = YES;
				CLANG_WARN_INT_CONVERSION = YES;
				CLANG_WARN_NON_LITERAL_NULL_CONVERSION = YES;
				CLANG_WARN_OBJC_IMPLICIT_RETAIN_SELF = YES;
				CLANG_WARN_OBJC_LITERAL_CONVERSION = YES;
				CLANG_WARN_OBJC_ROOT_CLASS = YES_ERROR;
				CLANG_WARN_QUOTED_INCLUDE_IN_FRAMEWORK_HEADER = YES;
				CLANG_WARN_RANGE_LOOP_ANALYSIS = YES;
				CLANG_WARN_STRICT_PROTOTYPES = YES;
				CLANG_WARN_SUSPICIOUS_MOVE = YES;
				CLANG_WARN_UNGUARDED_AVAILABILITY = YES_AGGRESSIVE;
				CLANG_WARN_UNREACHABLE_CODE = YES;
				CLANG_WARN__DUPLICATE_METHOD_MATCH = YES;
				COPY_PHASE_STRIP = NO;
				DEBUG_INFORMATION_FORMAT = "dwarf-with-dsym";
				DEVELOPMENT_TEAM = SU4W2T7DVJ;
				ENABLE_NS_ASSERTIONS = NO;
				ENABLE_STRICT_OBJC_MSGSEND = YES;
				ENABLE_USER_SCRIPT_SANDBOXING = YES;
				GCC_C_LANGUAGE_STANDARD = gnu17;
				GCC_NO_COMMON_BLOCKS = YES;
				GCC_WARN_64_TO_32_BIT_CONVERSION = YES;
				GCC_WARN_ABOUT_RETURN_TYPE = YES_ERROR;
				GCC_WARN_UNDECLARED_SELECTOR = YES;
				GCC_WARN_UNINITIALIZED_AUTOS = YES_AGGRESSIVE;
				GCC_WARN_UNUSED_FUNCTION = YES;
				GCC_WARN_UNUSED_VARIABLE = YES;
				IPHONEOS_DEPLOYMENT_TARGET = 18.5;
				LOCALIZATION_PREFERS_STRING_CATALOGS = YES;
				MTL_ENABLE_DEBUG_INFO = NO;
				MTL_FAST_MATH = YES;
				SDKROOT = iphoneos;
				STRING_CATALOG_GENERATE_SYMBOLS = YES;
				SWIFT_COMPILATION_MODE = wholemodule;
				VALIDATE_PRODUCT = YES;
			};
			name = Release;
		};
		A9EC3F982E79B49A0094B81F /* Debug */ = {
			isa = XCBuildConfiguration;
			buildSettings = {
				ASSETCATALOG_COMPILER_APPICON_NAME = AppIcon;
				ASSETCATALOG_COMPILER_GLOBAL_ACCENT_COLOR_NAME = AccentColor;
				CODE_SIGN_STYLE = Automatic;
				CURRENT_PROJECT_VERSION = 1;
				DEVELOPMENT_TEAM = SU4W2T7DVJ;
				ENABLE_PREVIEWS = YES;
				GENERATE_INFOPLIST_FILE = YES;
				INFOPLIST_KEY_UIApplicationSceneManifest_Generation = YES;
				INFOPLIST_KEY_UIApplicationSupportsIndirectInputEvents = YES;
				INFOPLIST_KEY_UILaunchScreen_Generation = YES;
				INFOPLIST_KEY_UISupportedInterfaceOrientations_iPad = "UIInterfaceOrientationPortrait UIInterfaceOrientationPortraitUpsideDown UIInterfaceOrientationLandscapeLeft UIInterfaceOrientationLandscapeRight";
				INFOPLIST_KEY_UISupportedInterfaceOrientations_iPhone = "UIInterfaceOrientationPortrait UIInterfaceOrientationLandscapeLeft UIInterfaceOrientationLandscapeRight";
				LD_RUNPATH_SEARCH_PATHS = (
					"$(inherited)",
					"@executable_path/Frameworks",
				);
				MARKETING_VERSION = 1.0;
				PRODUCT_BUNDLE_IDENTIFIER = "ayush.exe.Habit-Flow";
				PRODUCT_NAME = "$(TARGET_NAME)";
				SWIFT_EMIT_LOC_STRINGS = YES;
				SWIFT_VERSION = 5.0;
				TARGETED_DEVICE_FAMILY = "1,2";
			};
			name = Debug;
		};
		A9EC3F992E79B49A0094B81F /* Release */ = {
			isa = XCBuildConfiguration;
			buildSettings = {
				ASSETCATALOG_COMPILER_APPICON_NAME = AppIcon;
				ASSETCATALOG_COMPILER_GLOBAL_ACCENT_COLOR_NAME = AccentColor;
				CODE_SIGN_STYLE = Automatic;
				CURRENT_PROJECT_VERSION = 1;
				DEVELOPMENT_TEAM = SU4W2T7DVJ;
				ENABLE_PREVIEWS = YES;
				GENERATE_INFOPLIST_FILE = YES;
				INFOPLIST_KEY_UIApplicationSceneManifest_Generation = YES;
				INFOPLIST_KEY_UIApplicationSupportsIndirectInputEvents = YES;
				INFOPLIST_KEY_UILaunchScreen_Generation = YES;
				INFOPLIST_KEY_UISupportedInterfaceOrientations_iPad = "UIInterfaceOrientationPortrait UIInterfaceOrientationPortraitUpsideDown UIInterfaceOrientationLandscapeLeft UIInterfaceOrientationLandscapeRight";
				INFOPLIST_KEY_UISupportedInterfaceOrientations_iPhone = "UIInterfaceOrientationPortrait UIInterfaceOrientationLandscapeLeft UIInterfaceOrientationLandscapeRight";
				LD_RUNPATH_SEARCH_PATHS = (
					"$(inherited)",
					"@executable_path/Frameworks",
				);
				MARKETING_VERSION = 1.0;
				PRODUCT_BUNDLE_IDENTIFIER = "ayush.exe.Habit-Flow";
				PRODUCT_NAME = "$(TARGET_NAME)";
				SWIFT_EMIT_LOC_STRINGS = YES;
				SWIFT_VERSION = 5.0;
				TARGETED_DEVICE_FAMILY = "1,2";
			};
			name = Release;
		};
		A9EC3F9B2E79B49A0094B81F /* Debug */ = {
			isa = XCBuildConfiguration;
			buildSettings = {
				BUNDLE_LOADER = "$(TEST_HOST)";
				CODE_SIGN_STYLE = Automatic;
				CURRENT_PROJECT_VERSION = 1;
				DEVELOPMENT_TEAM = SU4W2T7DVJ;
				GENERATE_INFOPLIST_FILE = YES;
				IPHONEOS_DEPLOYMENT_TARGET = 18.5;
				MARKETING_VERSION = 1.0;
				PRODUCT_BUNDLE_IDENTIFIER = "ayush.exe.Habit-HomeTests";
				PRODUCT_NAME = "$(TARGET_NAME)";
				SWIFT_EMIT_LOC_STRINGS = NO;
				SWIFT_VERSION = 5.0;
				TARGETED_DEVICE_FAMILY = "1,2";
				TEST_HOST = "$(BUILT_PRODUCTS_DIR)/Habit Home.app/$(BUNDLE_EXECUTABLE_FOLDER_PATH)/Habit Home";
			};
			name = Debug;
		};
		A9EC3F9C2E79B49A0094B81F /* Release */ = {
			isa = XCBuildConfiguration;
			buildSettings = {
				BUNDLE_LOADER = "$(TEST_HOST)";
				CODE_SIGN_STYLE = Automatic;
				CURRENT_PROJECT_VERSION = 1;
				DEVELOPMENT_TEAM = SU4W2T7DVJ;
				GENERATE_INFOPLIST_FILE = YES;
				IPHONEOS_DEPLOYMENT_TARGET = 18.5;
				MARKETING_VERSION = 1.0;
				PRODUCT_BUNDLE_IDENTIFIER = "ayush.exe.Habit-HomeTests";
				PRODUCT_NAME = "$(TARGET_NAME)";
				SWIFT_EMIT_LOC_STRINGS = NO;
				SWIFT_VERSION = 5.0;
				TARGETED_DEVICE_FAMILY = "1,2";
				TEST_HOST = "$(BUILT_PRODUCTS_DIR)/Habit Home.app/$(BUNDLE_EXECUTABLE_FOLDER_PATH)/Habit Home";
			};
			name = Release;
		};
		A9EC3F9E2E79B49A0094B81F /* Debug */ = {
			isa = XCBuildConfiguration;
			buildSettings = {
				CODE_SIGN_STYLE = Automatic;
				CURRENT_PROJECT_VERSION = 1;
				DEVELOPMENT_TEAM = SU4W2T7DVJ;
				GENERATE_INFOPLIST_FILE = YES;
				MARKETING_VERSION = 1.0;
				PRODUCT_BUNDLE_IDENTIFIER = "ayush.exe.Habit-HomeUITests";
				PRODUCT_NAME = "$(TARGET_NAME)";
				SWIFT_EMIT_LOC_STRINGS = NO;
				SWIFT_VERSION = 5.0;
				TARGETED_DEVICE_FAMILY = "1,2";
				TEST_TARGET_NAME = "Habit Home";
			};
			name = Debug;
		};
		A9EC3F9F2E79B49A0094B81F /* Release */ = {
			isa = XCBuildConfiguration;
			buildSettings = {
				CODE_SIGN_STYLE = Automatic;
				CURRENT_PROJECT_VERSION = 1;
				DEVELOPMENT_TEAM = SU4W2T7DVJ;
				GENERATE_INFOPLIST_FILE = YES;
				MARKETING_VERSION = 1.0;
				PRODUCT_BUNDLE_IDENTIFIER = "ayush.exe.Habit-HomeUITests";
				PRODUCT_NAME = "$(TARGET_NAME)";
				SWIFT_EMIT_LOC_STRINGS = NO;
				SWIFT_VERSION = 5.0;
				TARGETED_DEVICE_FAMILY = "1,2";
				TEST_TARGET_NAME = "Habit Home";
			};
			name = Release;
		};
/* End XCBuildConfiguration section */

/* Begin XCConfigurationList section */
		A9EC3F712E79B4970094B81F /* Build configuration list for PBXProject "Habit Flow" */ = {
			isa = XCConfigurationList;
			buildConfigurations = (
				A9EC3F952E79B49A0094B81F /* Debug */,
				A9EC3F962E79B49A0094B81F /* Release */,
			);
			defaultConfigurationIsVisible = 0;
			defaultConfigurationName = Release;
		};
		A9EC3F972E79B49A0094B81F /* Build configuration list for PBXNativeTarget "Habit Flow" */ = {
			isa = XCConfigurationList;
			buildConfigurations = (
				A9EC3F982E79B49A0094B81F /* Debug */,
				A9EC3F992E79B49A0094B81F /* Release */,
			);
			defaultConfigurationIsVisible = 0;
			defaultConfigurationName = Release;
		};
		A9EC3F9A2E79B49A0094B81F /* Build configuration list for PBXNativeTarget "Habit HomeTests" */ = {
			isa = XCConfigurationList;
			buildConfigurations = (
				A9EC3F9B2E79B49A0094B81F /* Debug */,
				A9EC3F9C2E79B49A0094B81F /* Release */,
			);
			defaultConfigurationIsVisible = 0;
			defaultConfigurationName = Release;
		};
		A9EC3F9D2E79B49A0094B81F /* Build configuration list for PBXNativeTarget "Habit HomeUITests" */ = {
			isa = XCConfigurationList;
			buildConfigurations = (
				A9EC3F9E2E79B49A0094B81F /* Debug */,
				A9EC3F9F2E79B49A0094B81F /* Release */,
			);
			defaultConfigurationIsVisible = 0;
			defaultConfigurationName = Release;
		};
/* End XCConfigurationList section */
	};
	rootObject = A9EC3F6E2E79B4970094B81F /* Project object */;
}
